
Microsoft Visual Studio Solution File, Format Version 12.00
# Visual Studio Version 16
VisualStudioVersion = 16.0.30413.136
MinimumVisualStudioVersion = 10.0.40219.1
Project("{FAE04EC0-301F-11D3-BF4B-00C04F79EFBC}") = "SamsSoup", "SamsSoup\SamsSoup.csproj", "{1DA2E7B3-E60C-4173-96EC-97C56B0C5FD9}"
EndProject
Global
	GlobalSection(SolutionConfigurationPlatforms) = preSolution
		Debug|Any CPU = Debug|Any CPU
		Release|Any CPU = Release|Any CPU
	EndGlobalSection
	GlobalSection(ProjectConfigurationPlatforms) = postSolution
		{1DA2E7B3-E60C-4173-96EC-97C56B0C5FD9}.Debug|Any CPU.ActiveCfg = Debug|Any CPU
		{1DA2E7B3-E60C-4173-96EC-97C56B0C5FD9}.Debug|Any CPU.Build.0 = Debug|Any CPU
		{1DA2E7B3-E60C-4173-96EC-97C56B0C5FD9}.Release|Any CPU.ActiveCfg = Release|Any CPU
		{1DA2E7B3-E60C-4173-96EC-97C56B0C5FD9}.Release|Any CPU.Build.0 = Release|Any CPU
	EndGlobalSection
	GlobalSection(SolutionProperties) = preSolution
		HideSolutionNode = FALSE
	EndGlobalSection
	GlobalSection(ExtensibilityGlobals) = postSolution
		SolutionGuid = {DF8221E3-1193-4E21-AF2E-0610EAC7A7CF}
	EndGlobalSection
EndGlobal
